// !$*UTF8*$!
{
	archiveVersion = 1;
	classes = {
	};
	objectVersion = 77;
	objects = {

/* Begin PBXBuildFile section */
		024D2ACC490288B5E50BF775 /* WhisperAppState.swift in Sources */ = {isa = PBXBuildFile; fileRef = B32A4F968AB0E7F47A424BA4 /* WhisperAppState.swift */; };
		087708490F3DAEF003D2383B /* AudioDeviceManager.swift in Sources */ = {isa = PBXBuildFile; fileRef = 418B07A73766A00DF4432997 /* AudioDeviceManager.swift */; };
		1129BABDE169EEE1727EF61B /* TranscriptionCoordinator.swift in Sources */ = {isa = PBXBuildFile; fileRef = 9575A0936440478DCCB23D12 /* TranscriptionCoordinator.swift */; };
		151AD06091380480705D26EF /* whisper.xcframework in Frameworks */ = {isa = PBXBuildFile; fileRef = 48417A126BF12E0F39FCC277 /* whisper.xcframework */; };
		2AA5C32B24ADF6D0DF8CD377 /* VoxtralRealtimeStreamingCoordinator.swift in Sources */ = {isa = PBXBuildFile; fileRef = DA10E1D934A1DFAE6B6D0B7D /* VoxtralRealtimeStreamingCoordinator.swift */; };
		359764D5B8C4E824404B9A1E /* WhisperBridgeTests.swift in Sources */ = {isa = PBXBuildFile; fileRef = 3BD7D79EF3AC8FFA399BD8AA /* WhisperBridgeTests.swift */; };
		4367811BB84C60F92762A63B /* HotkeyManager.swift in Sources */ = {isa = PBXBuildFile; fileRef = 93FDB0C11E45E8D1CFF459B7 /* HotkeyManager.swift */; };
		46EC73780FC8FE392ECB0E48 /* WhisperAppStateTests.swift in Sources */ = {isa = PBXBuildFile; fileRef = 011B92CAC04DF436BB283FC2 /* WhisperAppStateTests.swift */; };
		4B4E6DB914AD4DB7A4C42F10 /* VoxtralRealtimeHelperClientTests.swift in Sources */ = {isa = PBXBuildFile; fileRef = 3F3A79F3D6F041DEB303B5B6 /* VoxtralRealtimeHelperClientTests.swift */; };
		489E52FBCB6B5D544DA3D3EC /* WhisperBridge.swift in Sources */ = {isa = PBXBuildFile; fileRef = 03428B44514D0F57C7B3F9F2 /* WhisperBridge.swift */; };
		49F16FEF9AFF71556C68518E /* whisper.xcframework in Embed Frameworks */ = {isa = PBXBuildFile; fileRef = 48417A126BF12E0F39FCC277 /* whisper.xcframework */; settings = {ATTRIBUTES = (CodeSignOnCopy, RemoveHeadersOnCopy, ); }; };
		4E268513D62FB823645CABF7 /* VoxtralRealtimeTranscriptionBackend.swift in Sources */ = {isa = PBXBuildFile; fileRef = FD80196B9C98F29F572CC612 /* VoxtralRealtimeTranscriptionBackend.swift */; };
		50FFFD83C663B08F479A7716 /* WhisperKit in Frameworks */ = {isa = PBXBuildFile; productRef = B3F814E45085350FE33089BE /* WhisperKit */; };
		6419D38E451C8400D0CD7994 /* AudioRecorder.swift in Sources */ = {isa = PBXBuildFile; fileRef = 2BEC477D5CF36DA3DC809105 /* AudioRecorder.swift */; };
		6627D406226E401281FA9AAC /* README.md in Resources */ = {isa = PBXBuildFile; fileRef = 62883FDFB18F69501FC5F4E1 /* README.md */; };
		6A31BC6FA8C6E392F4A6C4EF /* WhisperTranscriptionBackend.swift in Sources */ = {isa = PBXBuildFile; fileRef = AB1D0DE9312829619E7B9ECF /* WhisperTranscriptionBackend.swift */; };
		73EC5DF2E05EBD2496BDC422 /* TextInsertionService.swift in Sources */ = {isa = PBXBuildFile; fileRef = 275A08277982D9815B10F749 /* TextInsertionService.swift */; };
		7F2DC0582A2051518AD1745E /* WhisperKitStreamingCoordinator.swift in Sources */ = {isa = PBXBuildFile; fileRef = F822B6385D046D6F0444AEBC /* WhisperKitStreamingCoordinator.swift */; };
		851D02E287581BA37AFAEBC3 /* AudioRecorderTests.swift in Sources */ = {isa = PBXBuildFile; fileRef = CB6C24299718EC63EC372333 /* AudioRecorderTests.swift */; };
		93679B421E26F4664C861553 /* SpkLogo.swift in Sources */ = {isa = PBXBuildFile; fileRef = DFF5A628DD1F94163F2188EC /* SpkLogo.swift */; };
		9AD9E272ADCF5B27E4D0F557 /* WhisperKitStreamingModelLocatorTests.swift in Sources */ = {isa = PBXBuildFile; fileRef = 869F28373D33D19120014BC1 /* WhisperKitStreamingModelLocatorTests.swift */; };
		9B4FADBBA24F781CEA315D0A /* PermissionsManager.swift in Sources */ = {isa = PBXBuildFile; fileRef = F4669FB97F113D32B8CF4A67 /* PermissionsManager.swift */; };
		A15DE8DA2F7BF2687B966AC1 /* Preview Assets.xcassets in Resources */ = {isa = PBXBuildFile; fileRef = 648AF1397B22C4E5AFBE9173 /* Preview Assets.xcassets */; };
		A215940584AB7D5B587F4BE7 /* TextInsertionServiceTests.swift in Sources */ = {isa = PBXBuildFile; fileRef = CB62A23D4F04F8C099033967 /* TextInsertionServiceTests.swift */; };
		A573C3CDA0BB2D7CF00C2C49 /* TranscriptionBackend.swift in Sources */ = {isa = PBXBuildFile; fileRef = 822BF652811AEC51ADB9ADF6 /* TranscriptionBackend.swift */; };
			AF621D6BF700B77590BE9B74 /* ggml-medium-q5_0.bin in Resources */ = {isa = PBXBuildFile; fileRef = 64C9BFF1F4A12C15ECACB369 /* ggml-medium-q5_0.bin */; };
		B243291D2A0ACA579B5AE36B /* ggml-silero-v6.2.0.bin in Resources */ = {isa = PBXBuildFile; fileRef = F55596BFA27D3BAAF090A71B /* ggml-silero-v6.2.0.bin */; };
		B34B2682DCD072210ADF2B24 /* WhisperKitStreamingModelLocator.swift in Sources */ = {isa = PBXBuildFile; fileRef = F7A4C0C7B5C51FD555534A1B /* WhisperKitStreamingModelLocator.swift */; };
		B8CF00F835DBB37752C273F7 /* Helpers in Resources */ = {isa = PBXBuildFile; fileRef = 3829149A5F8796FBC7514ADA /* Helpers */; };
		BD6ADF21F15C88F9A6F58B14 /* StartupSetupState.swift in Sources */ = {isa = PBXBuildFile; fileRef = 735FFED5CFA5529F54E36A07 /* StartupSetupState.swift */; };
		BEC01E30FB87AEE5EC3DD245 /* AudioSettingsStoreTests.swift in Sources */ = {isa = PBXBuildFile; fileRef = A1B9E7E2C52C52B9E838F3D1 /* AudioSettingsStoreTests.swift */; };
		C48495243FCE5AFD52454732 /* AudioCuePlayer.swift in Sources */ = {isa = PBXBuildFile; fileRef = 53A5F3CFF68EF87EE8F8DCA6 /* AudioCuePlayer.swift */; };
		C62D8C29CE1EB5364157C533 /* AudioSettingsStore.swift in Sources */ = {isa = PBXBuildFile; fileRef = 50D721C4FC5B7F6F5D681CB1 /* AudioSettingsStore.swift */; };
		CB90A93C1B605DC030EF7153 /* VoxtralRealtimeModelLocator.swift in Sources */ = {isa = PBXBuildFile; fileRef = E916EFCC27AF2A5213965FBE /* VoxtralRealtimeModelLocator.swift */; };
		CE48A56DE515B6B7A70487F5 /* MenuBarView.swift in Sources */ = {isa = PBXBuildFile; fileRef = B3718331C368A803D0ACE6C9 /* MenuBarView.swift */; };
		D5F5482B1C009319582703F2 /* WhisperKitModels in Resources */ = {isa = PBXBuildFile; fileRef = E42A6CDA4BC242F5D03084E3 /* WhisperKitModels */; };
		D9421878378DCE342E8FFCC2 /* AppIcon.icns in Resources */ = {isa = PBXBuildFile; fileRef = D1EFFCB250FD80E2119D5468 /* AppIcon.icns */; };
		E0B034EE7469472E2D457ECF /* MenuBarTheme.swift in Sources */ = {isa = PBXBuildFile; fileRef = DEAB022173E2EAB21B5062F3 /* MenuBarTheme.swift */; };
		EAE8013695B9AA8BF7E4976E /* SpkApp.swift in Sources */ = {isa = PBXBuildFile; fileRef = F9A0BD9175376DA3C7726800 /* SpkApp.swift */; };
		EB6569DFC15D7AAFD29A8B68 /* Assets.xcassets in Resources */ = {isa = PBXBuildFile; fileRef = B0161E1B4E6CFCC36F1FA829 /* Assets.xcassets */; };
		EEECC8643672462476A4E338 /* DebugLog.swift in Sources */ = {isa = PBXBuildFile; fileRef = 8647C024EBCEC19A5A37F46A /* DebugLog.swift */; };
		F29FCF28934B97D0C51A6484 /* VoxtralRealtimeModelLocatorTests.swift in Sources */ = {isa = PBXBuildFile; fileRef = C0774BA72123B5D128659936 /* VoxtralRealtimeModelLocatorTests.swift */; };
/* End PBXBuildFile section */

/* Begin PBXContainerItemProxy section */
		DAE511477CAC0448FB5C1BF5 /* PBXContainerItemProxy */ = {
			isa = PBXContainerItemProxy;
			containerPortal = FD67F2F3C2388D1245717279 /* Project object */;
			proxyType = 1;
			remoteGlobalIDString = 3A57B099D1056D2648EE0203;
			remoteInfo = spk;
		};
/* End PBXContainerItemProxy section */

/* Begin PBXCopyFilesBuildPhase section */
		9EEBCB8D54419F41FB1D9373 /* Embed Frameworks */ = {
			isa = PBXCopyFilesBuildPhase;
			buildActionMask = 2147483647;
			dstPath = "";
			dstSubfolderSpec = 10;
			files = (
				49F16FEF9AFF71556C68518E /* whisper.xcframework in Embed Frameworks */,
			);
			name = "Embed Frameworks";
			runOnlyForDeploymentPostprocessing = 0;
		};
/* End PBXCopyFilesBuildPhase section */

/* Begin PBXFileReference section */
		011B92CAC04DF436BB283FC2 /* WhisperAppStateTests.swift */ = {isa = PBXFileReference; lastKnownFileType = sourcecode.swift; path = WhisperAppStateTests.swift; sourceTree = "<group>"; };
		03428B44514D0F57C7B3F9F2 /* WhisperBridge.swift */ = {isa = PBXFileReference; lastKnownFileType = sourcecode.swift; path = WhisperBridge.swift; sourceTree = "<group>"; };
		10F745950E56460A9A8A899D /* spkTests.xctest */ = {isa = PBXFileReference; explicitFileType = wrapper.cfbundle; includeInIndex = 0; path = spkTests.xctest; sourceTree = BUILT_PRODUCTS_DIR; };
		17B9BDBAD2CA94BBF4F59749 /* download_whisper_model.sh */ = {isa = PBXFileReference; lastKnownFileType = text.script.sh; path = download_whisper_model.sh; sourceTree = "<group>"; };
		19197E30FF56DE7464F3A56B /* privacy_check.sh */ = {isa = PBXFileReference; lastKnownFileType = text.script.sh; path = privacy_check.sh; sourceTree = "<group>"; };
		275A08277982D9815B10F749 /* TextInsertionService.swift */ = {isa = PBXFileReference; lastKnownFileType = sourcecode.swift; path = TextInsertionService.swift; sourceTree = "<group>"; };
		2BEC477D5CF36DA3DC809105 /* AudioRecorder.swift */ = {isa = PBXFileReference; lastKnownFileType = sourcecode.swift; path = AudioRecorder.swift; sourceTree = "<group>"; };
		3698D478D0300290811C94D3 /* install_voxtral_realtime_model.sh */ = {isa = PBXFileReference; lastKnownFileType = text.script.sh; path = install_voxtral_realtime_model.sh; sourceTree = "<group>"; };
		3829149A5F8796FBC7514ADA /* Helpers */ = {isa = PBXFileReference; lastKnownFileType = folder; name = Helpers; path = spk/Resources/Helpers; sourceTree = SOURCE_ROOT; };
		3BD7D79EF3AC8FFA399BD8AA /* WhisperBridgeTests.swift */ = {isa = PBXFileReference; lastKnownFileType = sourcecode.swift; path = WhisperBridgeTests.swift; sourceTree = "<group>"; };
		3F3A79F3D6F041DEB303B5B6 /* VoxtralRealtimeHelperClientTests.swift */ = {isa = PBXFileReference; lastKnownFileType = sourcecode.swift; path = VoxtralRealtimeHelperClientTests.swift; sourceTree = "<group>"; };
		418B07A73766A00DF4432997 /* AudioDeviceManager.swift */ = {isa = PBXFileReference; lastKnownFileType = sourcecode.swift; path = AudioDeviceManager.swift; sourceTree = "<group>"; };
		48417A126BF12E0F39FCC277 /* whisper.xcframework */ = {isa = PBXFileReference; lastKnownFileType = wrapper.xcframework; name = whisper.xcframework; path = Vendor/whisper.xcframework; sourceTree = "<group>"; };
		4A80C2681C020E7FD6AE738B /* spk.app */ = {isa = PBXFileReference; explicitFileType = wrapper.application; includeInIndex = 0; path = spk.app; sourceTree = BUILT_PRODUCTS_DIR; };
		50D721C4FC5B7F6F5D681CB1 /* AudioSettingsStore.swift */ = {isa = PBXFileReference; lastKnownFileType = sourcecode.swift; path = AudioSettingsStore.swift; sourceTree = "<group>"; };
		53A5F3CFF68EF87EE8F8DCA6 /* AudioCuePlayer.swift */ = {isa = PBXFileReference; lastKnownFileType = sourcecode.swift; path = AudioCuePlayer.swift; sourceTree = "<group>"; };
		563BA582C95B40A06B0AA2DD /* setup.sh */ = {isa = PBXFileReference; lastKnownFileType = text.script.sh; path = setup.sh; sourceTree = "<group>"; };
		62883FDFB18F69501FC5F4E1 /* README.md */ = {isa = PBXFileReference; lastKnownFileType = net.daringfireball.markdown; path = README.md; sourceTree = "<group>"; };
		648AF1397B22C4E5AFBE9173 /* Preview Assets.xcassets */ = {isa = PBXFileReference; lastKnownFileType = folder.assetcatalog; path = "Preview Assets.xcassets"; sourceTree = "<group>"; };
			64C9BFF1F4A12C15ECACB369 /* ggml-medium-q5_0.bin */ = {isa = PBXFileReference; lastKnownFileType = archive.macbinary; path = "ggml-medium-q5_0.bin"; sourceTree = "<group>"; };
		717ADF90635B0AC7A9616FF9 /* download_whisperkit_preview_model.sh */ = {isa = PBXFileReference; lastKnownFileType = text.script.sh; path = download_whisperkit_preview_model.sh; sourceTree = "<group>"; };
		735FFED5CFA5529F54E36A07 /* StartupSetupState.swift */ = {isa = PBXFileReference; lastKnownFileType = sourcecode.swift; path = StartupSetupState.swift; sourceTree = "<group>"; };
		76B25C851D53A8BFE1BD83A5 /* check.sh */ = {isa = PBXFileReference; lastKnownFileType = text.script.sh; path = check.sh; sourceTree = "<group>"; };
		822BF652811AEC51ADB9ADF6 /* TranscriptionBackend.swift */ = {isa = PBXFileReference; lastKnownFileType = sourcecode.swift; path = TranscriptionBackend.swift; sourceTree = "<group>"; };
		8647C024EBCEC19A5A37F46A /* DebugLog.swift */ = {isa = PBXFileReference; lastKnownFileType = sourcecode.swift; path = DebugLog.swift; sourceTree = "<group>"; };
		869F28373D33D19120014BC1 /* WhisperKitStreamingModelLocatorTests.swift */ = {isa = PBXFileReference; lastKnownFileType = sourcecode.swift; path = WhisperKitStreamingModelLocatorTests.swift; sourceTree = "<group>"; };
		88E6A6ED3AF292D4B73BC269 /* README.md */ = {isa = PBXFileReference; lastKnownFileType = net.daringfireball.markdown; path = README.md; sourceTree = "<group>"; };
		8B71192AED92E3AAD399D5F6 /* generate_app_icon.swift */ = {isa = PBXFileReference; lastKnownFileType = sourcecode.swift; path = generate_app_icon.swift; sourceTree = "<group>"; };
		910F571FFA63C92FEECB5149 /* common.sh */ = {isa = PBXFileReference; lastKnownFileType = text.script.sh; path = common.sh; sourceTree = "<group>"; };
		93FDB0C11E45E8D1CFF459B7 /* HotkeyManager.swift */ = {isa = PBXFileReference; lastKnownFileType = sourcecode.swift; path = HotkeyManager.swift; sourceTree = "<group>"; };
		9575A0936440478DCCB23D12 /* TranscriptionCoordinator.swift */ = {isa = PBXFileReference; lastKnownFileType = sourcecode.swift; path = TranscriptionCoordinator.swift; sourceTree = "<group>"; };
		97885CF36880FF970106726A /* Info.plist */ = {isa = PBXFileReference; lastKnownFileType = text.plist; path = Info.plist; sourceTree = "<group>"; };
		A1B9E7E2C52C52B9E838F3D1 /* AudioSettingsStoreTests.swift */ = {isa = PBXFileReference; lastKnownFileType = sourcecode.swift; path = AudioSettingsStoreTests.swift; sourceTree = "<group>"; };
		A8B58F858F333622A50D590A /* probe_voxtral_realtime_local.sh */ = {isa = PBXFileReference; lastKnownFileType = text.script.sh; path = probe_voxtral_realtime_local.sh; sourceTree = "<group>"; };
		AB1D0DE9312829619E7B9ECF /* WhisperTranscriptionBackend.swift */ = {isa = PBXFileReference; lastKnownFileType = sourcecode.swift; path = WhisperTranscriptionBackend.swift; sourceTree = "<group>"; };
		B0161E1B4E6CFCC36F1FA829 /* Assets.xcassets */ = {isa = PBXFileReference; lastKnownFileType = folder.assetcatalog; path = Assets.xcassets; sourceTree = "<group>"; };
		B32A4F968AB0E7F47A424BA4 /* WhisperAppState.swift */ = {isa = PBXFileReference; lastKnownFileType = sourcecode.swift; path = WhisperAppState.swift; sourceTree = "<group>"; };
		B3718331C368A803D0ACE6C9 /* MenuBarView.swift */ = {isa = PBXFileReference; lastKnownFileType = sourcecode.swift; path = MenuBarView.swift; sourceTree = "<group>"; };
		C0774BA72123B5D128659936 /* VoxtralRealtimeModelLocatorTests.swift */ = {isa = PBXFileReference; lastKnownFileType = sourcecode.swift; path = VoxtralRealtimeModelLocatorTests.swift; sourceTree = "<group>"; };
		CB62A23D4F04F8C099033967 /* TextInsertionServiceTests.swift */ = {isa = PBXFileReference; lastKnownFileType = sourcecode.swift; path = TextInsertionServiceTests.swift; sourceTree = "<group>"; };
		CB6C24299718EC63EC372333 /* AudioRecorderTests.swift */ = {isa = PBXFileReference; lastKnownFileType = sourcecode.swift; path = AudioRecorderTests.swift; sourceTree = "<group>"; };
		D1EFFCB250FD80E2119D5468 /* AppIcon.icns */ = {isa = PBXFileReference; lastKnownFileType = image.icns; path = AppIcon.icns; sourceTree = "<group>"; };
		D83C0EC7C89FD1AF4511E886 /* test.sh */ = {isa = PBXFileReference; lastKnownFileType = text.script.sh; path = test.sh; sourceTree = "<group>"; };
		DA10E1D934A1DFAE6B6D0B7D /* VoxtralRealtimeStreamingCoordinator.swift */ = {isa = PBXFileReference; lastKnownFileType = sourcecode.swift; path = VoxtralRealtimeStreamingCoordinator.swift; sourceTree = "<group>"; };
		DBFECA77C2581577A3B306A4 /* install_release.sh */ = {isa = PBXFileReference; lastKnownFileType = text.script.sh; path = install_release.sh; sourceTree = "<group>"; };
		DEAB022173E2EAB21B5062F3 /* MenuBarTheme.swift */ = {isa = PBXFileReference; lastKnownFileType = sourcecode.swift; path = MenuBarTheme.swift; sourceTree = "<group>"; };
		DFF5A628DD1F94163F2188EC /* SpkLogo.swift */ = {isa = PBXFileReference; lastKnownFileType = sourcecode.swift; path = SpkLogo.swift; sourceTree = "<group>"; };
		E42A6CDA4BC242F5D03084E3 /* WhisperKitModels */ = {isa = PBXFileReference; lastKnownFileType = folder; name = WhisperKitModels; path = spk/Resources/WhisperKitModels; sourceTree = SOURCE_ROOT; };
		E916EFCC27AF2A5213965FBE /* VoxtralRealtimeModelLocator.swift */ = {isa = PBXFileReference; lastKnownFileType = sourcecode.swift; path = VoxtralRealtimeModelLocator.swift; sourceTree = "<group>"; };
		EEEEFAE14B9B72D8593D3ED8 /* run_dev.sh */ = {isa = PBXFileReference; lastKnownFileType = text.script.sh; path = run_dev.sh; sourceTree = "<group>"; };
		F4669FB97F113D32B8CF4A67 /* PermissionsManager.swift */ = {isa = PBXFileReference; lastKnownFileType = sourcecode.swift; path = PermissionsManager.swift; sourceTree = "<group>"; };
		F55596BFA27D3BAAF090A71B /* ggml-silero-v6.2.0.bin */ = {isa = PBXFileReference; lastKnownFileType = archive.macbinary; path = "ggml-silero-v6.2.0.bin"; sourceTree = "<group>"; };
		F7A4C0C7B5C51FD555534A1B /* WhisperKitStreamingModelLocator.swift */ = {isa = PBXFileReference; lastKnownFileType = sourcecode.swift; path = WhisperKitStreamingModelLocator.swift; sourceTree = "<group>"; };
		F822B6385D046D6F0444AEBC /* WhisperKitStreamingCoordinator.swift */ = {isa = PBXFileReference; lastKnownFileType = sourcecode.swift; path = WhisperKitStreamingCoordinator.swift; sourceTree = "<group>"; };
		F9A0BD9175376DA3C7726800 /* SpkApp.swift */ = {isa = PBXFileReference; lastKnownFileType = sourcecode.swift; path = SpkApp.swift; sourceTree = "<group>"; };
		FD80196B9C98F29F572CC612 /* VoxtralRealtimeTranscriptionBackend.swift */ = {isa = PBXFileReference; lastKnownFileType = sourcecode.swift; path = VoxtralRealtimeTranscriptionBackend.swift; sourceTree = "<group>"; };
/* End PBXFileReference section */

/* Begin PBXFrameworksBuildPhase section */
		9A20C18C9C797ECC05DDE27B /* Frameworks */ = {
			isa = PBXFrameworksBuildPhase;
			buildActionMask = 2147483647;
			files = (
				151AD06091380480705D26EF /* whisper.xcframework in Frameworks */,
				50FFFD83C663B08F479A7716 /* WhisperKit in Frameworks */,
			);
			runOnlyForDeploymentPostprocessing = 0;
		};
/* End PBXFrameworksBuildPhase section */

/* Begin PBXGroup section */
		04578864DE277D8228FCEB15 /* Preview Content */ = {
			isa = PBXGroup;
			children = (
				648AF1397B22C4E5AFBE9173 /* Preview Assets.xcassets */,
			);
			name = "Preview Content";
			path = "spk/Resources/Preview Content";
			sourceTree = "<group>";
		};
		1B831EB5C567495443C260E5 /* Audio */ = {
			isa = PBXGroup;
			children = (
				53A5F3CFF68EF87EE8F8DCA6 /* AudioCuePlayer.swift */,
				418B07A73766A00DF4432997 /* AudioDeviceManager.swift */,
				2BEC477D5CF36DA3DC809105 /* AudioRecorder.swift */,
				50D721C4FC5B7F6F5D681CB1 /* AudioSettingsStore.swift */,
			);
			path = Audio;
			sourceTree = "<group>";
		};
		3CE79A70A9E84ED95C24936A /* Support */ = {
			isa = PBXGroup;
			children = (
				8647C024EBCEC19A5A37F46A /* DebugLog.swift */,
				97885CF36880FF970106726A /* Info.plist */,
			);
			path = Support;
			sourceTree = "<group>";
		};
		3FE9F224914228BCB18B634F /* System */ = {
			isa = PBXGroup;
			children = (
				93FDB0C11E45E8D1CFF459B7 /* HotkeyManager.swift */,
				F4669FB97F113D32B8CF4A67 /* PermissionsManager.swift */,
			);
			path = System;
			sourceTree = "<group>";
		};
		45BDD550437038497C34D29D /* spk */ = {
			isa = PBXGroup;
			children = (
				EAE6DEE81BFEB26DC5426D0F /* App */,
				1B831EB5C567495443C260E5 /* Audio */,
				F1FB19522D7698FB009A8FAD /* Insertion */,
				F204D2BF82BB802BC9DD93D9 /* MenuBar */,
				3CE79A70A9E84ED95C24936A /* Support */,
				3FE9F224914228BCB18B634F /* System */,
				F5CF072BF2CD0C1FEC89DAFF /* Transcription */,
			);
			path = spk;
			sourceTree = "<group>";
		};
		A686ABBFC63B84B6801DA4D2 /* Frameworks */ = {
			isa = PBXGroup;
			children = (
				48417A126BF12E0F39FCC277 /* whisper.xcframework */,
			);
			name = Frameworks;
			sourceTree = "<group>";
		};
		D309648CDC892B927C4BCDB7 = {
			isa = PBXGroup;
			children = (
				3829149A5F8796FBC7514ADA /* Helpers */,
				88E6A6ED3AF292D4B73BC269 /* README.md */,
				E42A6CDA4BC242F5D03084E3 /* WhisperKitModels */,
				F599146D9BD670235B525B1D /* Models */,
				04578864DE277D8228FCEB15 /* Preview Content */,
				F759A52F8ADCC1487095896E /* Resources */,
				DB426283D8BB1AC72449A30A /* scripts */,
				45BDD550437038497C34D29D /* spk */,
				F7A04256FE41D6D31976FD57 /* spkTests */,
				A686ABBFC63B84B6801DA4D2 /* Frameworks */,
				EAF7466F9505846D443120EF /* Products */,
			);
			sourceTree = "<group>";
		};
		DB426283D8BB1AC72449A30A /* scripts */ = {
			isa = PBXGroup;
			children = (
				76B25C851D53A8BFE1BD83A5 /* check.sh */,
				910F571FFA63C92FEECB5149 /* common.sh */,
				17B9BDBAD2CA94BBF4F59749 /* download_whisper_model.sh */,
				717ADF90635B0AC7A9616FF9 /* download_whisperkit_preview_model.sh */,
				8B71192AED92E3AAD399D5F6 /* generate_app_icon.swift */,
				DBFECA77C2581577A3B306A4 /* install_release.sh */,
				3698D478D0300290811C94D3 /* install_voxtral_realtime_model.sh */,
				19197E30FF56DE7464F3A56B /* privacy_check.sh */,
				A8B58F858F333622A50D590A /* probe_voxtral_realtime_local.sh */,
				EEEEFAE14B9B72D8593D3ED8 /* run_dev.sh */,
				563BA582C95B40A06B0AA2DD /* setup.sh */,
				D83C0EC7C89FD1AF4511E886 /* test.sh */,
			);
			path = scripts;
			sourceTree = "<group>";
		};
		EAE6DEE81BFEB26DC5426D0F /* App */ = {
			isa = PBXGroup;
			children = (
				F9A0BD9175376DA3C7726800 /* SpkApp.swift */,
				735FFED5CFA5529F54E36A07 /* StartupSetupState.swift */,
				B32A4F968AB0E7F47A424BA4 /* WhisperAppState.swift */,
			);
			path = App;
			sourceTree = "<group>";
		};
		EAF7466F9505846D443120EF /* Products */ = {
			isa = PBXGroup;
			children = (
				4A80C2681C020E7FD6AE738B /* spk.app */,
				10F745950E56460A9A8A899D /* spkTests.xctest */,
			);
			name = Products;
			sourceTree = "<group>";
		};
		F1FB19522D7698FB009A8FAD /* Insertion */ = {
			isa = PBXGroup;
			children = (
				275A08277982D9815B10F749 /* TextInsertionService.swift */,
			);
			path = Insertion;
			sourceTree = "<group>";
		};
		F204D2BF82BB802BC9DD93D9 /* MenuBar */ = {
			isa = PBXGroup;
			children = (
				DEAB022173E2EAB21B5062F3 /* MenuBarTheme.swift */,
				B3718331C368A803D0ACE6C9 /* MenuBarView.swift */,
				DFF5A628DD1F94163F2188EC /* SpkLogo.swift */,
			);
			path = MenuBar;
			sourceTree = "<group>";
		};
		F599146D9BD670235B525B1D /* Models */ = {
			isa = PBXGroup;
			children = (
					64C9BFF1F4A12C15ECACB369 /* ggml-medium-q5_0.bin */,
				F55596BFA27D3BAAF090A71B /* ggml-silero-v6.2.0.bin */,
				62883FDFB18F69501FC5F4E1 /* README.md */,
			);
			name = Models;
			path = spk/Resources/Models;
			sourceTree = "<group>";
		};
		F5CF072BF2CD0C1FEC89DAFF /* Transcription */ = {
			isa = PBXGroup;
			children = (
				822BF652811AEC51ADB9ADF6 /* TranscriptionBackend.swift */,
				9575A0936440478DCCB23D12 /* TranscriptionCoordinator.swift */,
				E916EFCC27AF2A5213965FBE /* VoxtralRealtimeModelLocator.swift */,
				DA10E1D934A1DFAE6B6D0B7D /* VoxtralRealtimeStreamingCoordinator.swift */,
				FD80196B9C98F29F572CC612 /* VoxtralRealtimeTranscriptionBackend.swift */,
				03428B44514D0F57C7B3F9F2 /* WhisperBridge.swift */,
				F822B6385D046D6F0444AEBC /* WhisperKitStreamingCoordinator.swift */,
				F7A4C0C7B5C51FD555534A1B /* WhisperKitStreamingModelLocator.swift */,
				AB1D0DE9312829619E7B9ECF /* WhisperTranscriptionBackend.swift */,
			);
			path = Transcription;
			sourceTree = "<group>";
		};
		F759A52F8ADCC1487095896E /* Resources */ = {
			isa = PBXGroup;
			children = (
				D1EFFCB250FD80E2119D5468 /* AppIcon.icns */,
				B0161E1B4E6CFCC36F1FA829 /* Assets.xcassets */,
			);
			name = Resources;
			path = spk/Resources;
			sourceTree = "<group>";
		};
		F7A04256FE41D6D31976FD57 /* spkTests */ = {
			isa = PBXGroup;
			children = (
				CB6C24299718EC63EC372333 /* AudioRecorderTests.swift */,
				A1B9E7E2C52C52B9E838F3D1 /* AudioSettingsStoreTests.swift */,
				CB62A23D4F04F8C099033967 /* TextInsertionServiceTests.swift */,
				3F3A79F3D6F041DEB303B5B6 /* VoxtralRealtimeHelperClientTests.swift */,
				C0774BA72123B5D128659936 /* VoxtralRealtimeModelLocatorTests.swift */,
				011B92CAC04DF436BB283FC2 /* WhisperAppStateTests.swift */,
				3BD7D79EF3AC8FFA399BD8AA /* WhisperBridgeTests.swift */,
				869F28373D33D19120014BC1 /* WhisperKitStreamingModelLocatorTests.swift */,
			);
			path = spkTests;
			sourceTree = "<group>";
		};
/* End PBXGroup section */

/* Begin PBXNativeTarget section */
		3A57B099D1056D2648EE0203 /* spk */ = {
			isa = PBXNativeTarget;
			buildConfigurationList = 34D7276D8035F821D05E8177 /* Build configuration list for PBXNativeTarget "spk" */;
			buildPhases = (
				182F750DF5BB13FE0965911C /* Sources */,
				0DCC790144D41AC58D05F48D /* Resources */,
				9A20C18C9C797ECC05DDE27B /* Frameworks */,
				9EEBCB8D54419F41FB1D9373 /* Embed Frameworks */,
			);
			buildRules = (
			);
			dependencies = (
			);
			name = spk;
			packageProductDependencies = (
				B3F814E45085350FE33089BE /* WhisperKit */,
			);
			productName = spk;
			productReference = 4A80C2681C020E7FD6AE738B /* spk.app */;
			productType = "com.apple.product-type.application";
		};
		7789CA5AD19E34A3855BB264 /* spkTests */ = {
			isa = PBXNativeTarget;
			buildConfigurationList = A1412399F1C473980C744D93 /* Build configuration list for PBXNativeTarget "spkTests" */;
			buildPhases = (
				7AC507F7DC94C28FCAEC56DA /* Sources */,
			);
			buildRules = (
			);
			dependencies = (
				12DFC6C662606D9E9AAA6531 /* PBXTargetDependency */,
			);
			name = spkTests;
			packageProductDependencies = (
			);
			productName = spkTests;
			productReference = 10F745950E56460A9A8A899D /* spkTests.xctest */;
			productType = "com.apple.product-type.bundle.unit-test";
		};
/* End PBXNativeTarget section */

/* Begin PBXProject section */
		FD67F2F3C2388D1245717279 /* Project object */ = {
			isa = PBXProject;
			attributes = {
				BuildIndependentTargetsInParallel = YES;
				LastUpgradeCheck = 1430;
				TargetAttributes = {
					3A57B099D1056D2648EE0203 = {
						ProvisioningStyle = Automatic;
					};
				};
			};
			buildConfigurationList = A63E8A38950DDE26D425FA80 /* Build configuration list for PBXProject "spk" */;
			developmentRegion = en;
			hasScannedForEncodings = 0;
			knownRegions = (
				Base,
				en,
			);
			mainGroup = D309648CDC892B927C4BCDB7;
			minimizedProjectReferenceProxies = 1;
			packageReferences = (
				59339B082C3F9051EBBF5D56 /* XCRemoteSwiftPackageReference "WhisperKit" */,
			);
			preferredProjectObjectVersion = 77;
			productRefGroup = EAF7466F9505846D443120EF /* Products */;
			projectDirPath = "";
			projectRoot = "";
			targets = (
				3A57B099D1056D2648EE0203 /* spk */,
				7789CA5AD19E34A3855BB264 /* spkTests */,
			);
		};
/* End PBXProject section */

/* Begin PBXResourcesBuildPhase section */
		0DCC790144D41AC58D05F48D /* Resources */ = {
			isa = PBXResourcesBuildPhase;
			buildActionMask = 2147483647;
			files = (
				D9421878378DCE342E8FFCC2 /* AppIcon.icns in Resources */,
				EB6569DFC15D7AAFD29A8B68 /* Assets.xcassets in Resources */,
				B8CF00F835DBB37752C273F7 /* Helpers in Resources */,
				A15DE8DA2F7BF2687B966AC1 /* Preview Assets.xcassets in Resources */,
				6627D406226E401281FA9AAC /* README.md in Resources */,
				D5F5482B1C009319582703F2 /* WhisperKitModels in Resources */,
					AF621D6BF700B77590BE9B74 /* ggml-medium-q5_0.bin in Resources */,
				B243291D2A0ACA579B5AE36B /* ggml-silero-v6.2.0.bin in Resources */,
			);
			runOnlyForDeploymentPostprocessing = 0;
		};
/* End PBXResourcesBuildPhase section */

/* Begin PBXSourcesBuildPhase section */
		182F750DF5BB13FE0965911C /* Sources */ = {
			isa = PBXSourcesBuildPhase;
			buildActionMask = 2147483647;
			files = (
				C48495243FCE5AFD52454732 /* AudioCuePlayer.swift in Sources */,
				087708490F3DAEF003D2383B /* AudioDeviceManager.swift in Sources */,
				6419D38E451C8400D0CD7994 /* AudioRecorder.swift in Sources */,
				C62D8C29CE1EB5364157C533 /* AudioSettingsStore.swift in Sources */,
				EEECC8643672462476A4E338 /* DebugLog.swift in Sources */,
				4367811BB84C60F92762A63B /* HotkeyManager.swift in Sources */,
				E0B034EE7469472E2D457ECF /* MenuBarTheme.swift in Sources */,
				CE48A56DE515B6B7A70487F5 /* MenuBarView.swift in Sources */,
				9B4FADBBA24F781CEA315D0A /* PermissionsManager.swift in Sources */,
				EAE8013695B9AA8BF7E4976E /* SpkApp.swift in Sources */,
				93679B421E26F4664C861553 /* SpkLogo.swift in Sources */,
				BD6ADF21F15C88F9A6F58B14 /* StartupSetupState.swift in Sources */,
				73EC5DF2E05EBD2496BDC422 /* TextInsertionService.swift in Sources */,
				A573C3CDA0BB2D7CF00C2C49 /* TranscriptionBackend.swift in Sources */,
				1129BABDE169EEE1727EF61B /* TranscriptionCoordinator.swift in Sources */,
				CB90A93C1B605DC030EF7153 /* VoxtralRealtimeModelLocator.swift in Sources */,
				2AA5C32B24ADF6D0DF8CD377 /* VoxtralRealtimeStreamingCoordinator.swift in Sources */,
				4E268513D62FB823645CABF7 /* VoxtralRealtimeTranscriptionBackend.swift in Sources */,
				024D2ACC490288B5E50BF775 /* WhisperAppState.swift in Sources */,
				489E52FBCB6B5D544DA3D3EC /* WhisperBridge.swift in Sources */,
				7F2DC0582A2051518AD1745E /* WhisperKitStreamingCoordinator.swift in Sources */,
				B34B2682DCD072210ADF2B24 /* WhisperKitStreamingModelLocator.swift in Sources */,
				6A31BC6FA8C6E392F4A6C4EF /* WhisperTranscriptionBackend.swift in Sources */,
			);
			runOnlyForDeploymentPostprocessing = 0;
		};
		7AC507F7DC94C28FCAEC56DA /* Sources */ = {
			isa = PBXSourcesBuildPhase;
			buildActionMask = 2147483647;
			files = (
				851D02E287581BA37AFAEBC3 /* AudioRecorderTests.swift in Sources */,
				BEC01E30FB87AEE5EC3DD245 /* AudioSettingsStoreTests.swift in Sources */,
				A215940584AB7D5B587F4BE7 /* TextInsertionServiceTests.swift in Sources */,
				4B4E6DB914AD4DB7A4C42F10 /* VoxtralRealtimeHelperClientTests.swift in Sources */,
				F29FCF28934B97D0C51A6484 /* VoxtralRealtimeModelLocatorTests.swift in Sources */,
				46EC73780FC8FE392ECB0E48 /* WhisperAppStateTests.swift in Sources */,
				359764D5B8C4E824404B9A1E /* WhisperBridgeTests.swift in Sources */,
				9AD9E272ADCF5B27E4D0F557 /* WhisperKitStreamingModelLocatorTests.swift in Sources */,
			);
			runOnlyForDeploymentPostprocessing = 0;
		};
/* End PBXSourcesBuildPhase section */

/* Begin PBXTargetDependency section */
		12DFC6C662606D9E9AAA6531 /* PBXTargetDependency */ = {
			isa = PBXTargetDependency;
			target = 3A57B099D1056D2648EE0203 /* spk */;
			targetProxy = DAE511477CAC0448FB5C1BF5 /* PBXContainerItemProxy */;
		};
/* End PBXTargetDependency section */

/* Begin XCBuildConfiguration section */
		12D5348A05A1BBEAA77C3084 /* Debug */ = {
			isa = XCBuildConfiguration;
			buildSettings = {
				BUNDLE_LOADER = "$(TEST_HOST)";
				COMBINE_HIDPI_IMAGES = YES;
				GENERATE_INFOPLIST_FILE = YES;
				LD_RUNPATH_SEARCH_PATHS = (
					"$(inherited)",
					"@executable_path/../Frameworks",
					"@loader_path/../Frameworks",
				);
				MACOSX_DEPLOYMENT_TARGET = 14.0;
				SDKROOT = macosx;
				TEST_HOST = "$(BUILT_PRODUCTS_DIR)/spk.app/Contents/MacOS/spk";
			};
			name = Debug;
		};
		2A5A7473F9A8E88C85B56D7F /* Release */ = {
			isa = XCBuildConfiguration;
			buildSettings = {
				BUNDLE_LOADER = "$(TEST_HOST)";
				COMBINE_HIDPI_IMAGES = YES;
				GENERATE_INFOPLIST_FILE = YES;
				LD_RUNPATH_SEARCH_PATHS = (
					"$(inherited)",
					"@executable_path/../Frameworks",
					"@loader_path/../Frameworks",
				);
				MACOSX_DEPLOYMENT_TARGET = 14.0;
				SDKROOT = macosx;
				TEST_HOST = "$(BUILT_PRODUCTS_DIR)/spk.app/Contents/MacOS/spk";
			};
			name = Release;
		};
		700094A3EFFD9914603A6FAA /* Release */ = {
			isa = XCBuildConfiguration;
			buildSettings = {
				ALWAYS_SEARCH_USER_PATHS = NO;
				CLANG_ANALYZER_NONNULL = YES;
				CLANG_ANALYZER_NUMBER_OBJECT_CONVERSION = YES_AGGRESSIVE;
				CLANG_CXX_LANGUAGE_STANDARD = "gnu++14";
				CLANG_CXX_LIBRARY = "libc++";
				CLANG_ENABLE_MODULES = YES;
				CLANG_ENABLE_OBJC_ARC = YES;
				CLANG_ENABLE_OBJC_WEAK = YES;
				CLANG_WARN_BLOCK_CAPTURE_AUTORELEASING = YES;
				CLANG_WARN_BOOL_CONVERSION = YES;
				CLANG_WARN_COMMA = YES;
				CLANG_WARN_CONSTANT_CONVERSION = YES;
				CLANG_WARN_DEPRECATED_OBJC_IMPLEMENTATIONS = YES;
				CLANG_WARN_DIRECT_OBJC_ISA_USAGE = YES_ERROR;
				CLANG_WARN_DOCUMENTATION_COMMENTS = YES;
				CLANG_WARN_EMPTY_BODY = YES;
				CLANG_WARN_ENUM_CONVERSION = YES;
				CLANG_WARN_INFINITE_RECURSION = YES;
				CLANG_WARN_INT_CONVERSION = YES;
				CLANG_WARN_NON_LITERAL_NULL_CONVERSION = YES;
				CLANG_WARN_OBJC_IMPLICIT_RETAIN_SELF = YES;
				CLANG_WARN_OBJC_LITERAL_CONVERSION = YES;
				CLANG_WARN_OBJC_ROOT_CLASS = YES_ERROR;
				CLANG_WARN_QUOTED_INCLUDE_IN_FRAMEWORK_HEADER = YES;
				CLANG_WARN_RANGE_LOOP_ANALYSIS = YES;
				CLANG_WARN_STRICT_PROTOTYPES = YES;
				CLANG_WARN_SUSPICIOUS_MOVE = YES;
				CLANG_WARN_UNGUARDED_AVAILABILITY = YES_AGGRESSIVE;
				CLANG_WARN_UNREACHABLE_CODE = YES;
				CLANG_WARN__DUPLICATE_METHOD_MATCH = YES;
				COPY_PHASE_STRIP = NO;
				DEBUG_INFORMATION_FORMAT = "dwarf-with-dsym";
				ENABLE_NS_ASSERTIONS = NO;
				ENABLE_STRICT_OBJC_MSGSEND = YES;
				GCC_C_LANGUAGE_STANDARD = gnu11;
				GCC_NO_COMMON_BLOCKS = YES;
				GCC_WARN_64_TO_32_BIT_CONVERSION = YES;
				GCC_WARN_ABOUT_RETURN_TYPE = YES_ERROR;
				GCC_WARN_UNDECLARED_SELECTOR = YES;
				GCC_WARN_UNINITIALIZED_AUTOS = YES_AGGRESSIVE;
				GCC_WARN_UNUSED_FUNCTION = YES;
				GCC_WARN_UNUSED_VARIABLE = YES;
				MTL_ENABLE_DEBUG_INFO = NO;
				MTL_FAST_MATH = YES;
				PRODUCT_NAME = "$(TARGET_NAME)";
				SDKROOT = macosx;
				SWIFT_COMPILATION_MODE = wholemodule;
				SWIFT_OPTIMIZATION_LEVEL = "-O";
				SWIFT_VERSION = 5.1;
			};
			name = Release;
		};
		8DE53AAF0AC8CD809F8748F1 /* Debug */ = {
			isa = XCBuildConfiguration;
			buildSettings = {
				ASSETCATALOG_COMPILER_APPICON_NAME = AppIcon;
				CODE_SIGN_STYLE = Automatic;
				COMBINE_HIDPI_IMAGES = YES;
				ENABLE_APP_SANDBOX = NO;
				FRAMEWORK_SEARCH_PATHS = (
					"$(inherited)",
					"\"Vendor\"",
				);
				GENERATE_INFOPLIST_FILE = NO;
				INFOPLIST_FILE = spk/Support/Info.plist;
				LD_RUNPATH_SEARCH_PATHS = (
					"$(inherited)",
					"@executable_path/../Frameworks",
				);
				MACOSX_DEPLOYMENT_TARGET = 14.0;
				PRODUCT_BUNDLE_IDENTIFIER = com.acfinc.spk;
				PRODUCT_NAME = spk;
				SDKROOT = macosx;
			};
			name = Debug;
		};
		A5CC73CC7BF166DF1C564C5C /* Debug */ = {
			isa = XCBuildConfiguration;
			buildSettings = {
				ALWAYS_SEARCH_USER_PATHS = NO;
				CLANG_ANALYZER_NONNULL = YES;
				CLANG_ANALYZER_NUMBER_OBJECT_CONVERSION = YES_AGGRESSIVE;
				CLANG_CXX_LANGUAGE_STANDARD = "gnu++14";
				CLANG_CXX_LIBRARY = "libc++";
				CLANG_ENABLE_MODULES = YES;
				CLANG_ENABLE_OBJC_ARC = YES;
				CLANG_ENABLE_OBJC_WEAK = YES;
				CLANG_WARN_BLOCK_CAPTURE_AUTORELEASING = YES;
				CLANG_WARN_BOOL_CONVERSION = YES;
				CLANG_WARN_COMMA = YES;
				CLANG_WARN_CONSTANT_CONVERSION = YES;
				CLANG_WARN_DEPRECATED_OBJC_IMPLEMENTATIONS = YES;
				CLANG_WARN_DIRECT_OBJC_ISA_USAGE = YES_ERROR;
				CLANG_WARN_DOCUMENTATION_COMMENTS = YES;
				CLANG_WARN_EMPTY_BODY = YES;
				CLANG_WARN_ENUM_CONVERSION = YES;
				CLANG_WARN_INFINITE_RECURSION = YES;
				CLANG_WARN_INT_CONVERSION = YES;
				CLANG_WARN_NON_LITERAL_NULL_CONVERSION = YES;
				CLANG_WARN_OBJC_IMPLICIT_RETAIN_SELF = YES;
				CLANG_WARN_OBJC_LITERAL_CONVERSION = YES;
				CLANG_WARN_OBJC_ROOT_CLASS = YES_ERROR;
				CLANG_WARN_QUOTED_INCLUDE_IN_FRAMEWORK_HEADER = YES;
				CLANG_WARN_RANGE_LOOP_ANALYSIS = YES;
				CLANG_WARN_STRICT_PROTOTYPES = YES;
				CLANG_WARN_SUSPICIOUS_MOVE = YES;
				CLANG_WARN_UNGUARDED_AVAILABILITY = YES_AGGRESSIVE;
				CLANG_WARN_UNREACHABLE_CODE = YES;
				CLANG_WARN__DUPLICATE_METHOD_MATCH = YES;
				COPY_PHASE_STRIP = NO;
				DEBUG_INFORMATION_FORMAT = dwarf;
				ENABLE_STRICT_OBJC_MSGSEND = YES;
				ENABLE_TESTABILITY = YES;
				GCC_C_LANGUAGE_STANDARD = gnu11;
				GCC_DYNAMIC_NO_PIC = NO;
				GCC_NO_COMMON_BLOCKS = YES;
				GCC_OPTIMIZATION_LEVEL = 0;
				GCC_PREPROCESSOR_DEFINITIONS = (
					"$(inherited)",
					"DEBUG=1",
				);
				GCC_WARN_64_TO_32_BIT_CONVERSION = YES;
				GCC_WARN_ABOUT_RETURN_TYPE = YES_ERROR;
				GCC_WARN_UNDECLARED_SELECTOR = YES;
				GCC_WARN_UNINITIALIZED_AUTOS = YES_AGGRESSIVE;
				GCC_WARN_UNUSED_FUNCTION = YES;
				GCC_WARN_UNUSED_VARIABLE = YES;
				MTL_ENABLE_DEBUG_INFO = INCLUDE_SOURCE;
				MTL_FAST_MATH = YES;
				ONLY_ACTIVE_ARCH = YES;
				PRODUCT_NAME = "$(TARGET_NAME)";
				SDKROOT = macosx;
				SWIFT_ACTIVE_COMPILATION_CONDITIONS = DEBUG;
				SWIFT_OPTIMIZATION_LEVEL = "-Onone";
				SWIFT_VERSION = 5.1;
			};
			name = Debug;
		};
		E2EC9B85D10867155CED009B /* Release */ = {
			isa = XCBuildConfiguration;
			buildSettings = {
				ASSETCATALOG_COMPILER_APPICON_NAME = AppIcon;
				CODE_SIGN_STYLE = Automatic;
				COMBINE_HIDPI_IMAGES = YES;
				ENABLE_APP_SANDBOX = NO;
				FRAMEWORK_SEARCH_PATHS = (
					"$(inherited)",
					"\"Vendor\"",
				);
				GENERATE_INFOPLIST_FILE = NO;
				INFOPLIST_FILE = spk/Support/Info.plist;
				LD_RUNPATH_SEARCH_PATHS = (
					"$(inherited)",
					"@executable_path/../Frameworks",
				);
				MACOSX_DEPLOYMENT_TARGET = 14.0;
				PRODUCT_BUNDLE_IDENTIFIER = com.acfinc.spk;
				PRODUCT_NAME = spk;
				SDKROOT = macosx;
			};
			name = Release;
		};
/* End XCBuildConfiguration section */

/* Begin XCConfigurationList section */
		34D7276D8035F821D05E8177 /* Build configuration list for PBXNativeTarget "spk" */ = {
			isa = XCConfigurationList;
			buildConfigurations = (
				8DE53AAF0AC8CD809F8748F1 /* Debug */,
				E2EC9B85D10867155CED009B /* Release */,
			);
			defaultConfigurationIsVisible = 0;
			defaultConfigurationName = Debug;
		};
		A1412399F1C473980C744D93 /* Build configuration list for PBXNativeTarget "spkTests" */ = {
			isa = XCConfigurationList;
			buildConfigurations = (
				12D5348A05A1BBEAA77C3084 /* Debug */,
				2A5A7473F9A8E88C85B56D7F /* Release */,
			);
			defaultConfigurationIsVisible = 0;
			defaultConfigurationName = Debug;
		};
		A63E8A38950DDE26D425FA80 /* Build configuration list for PBXProject "spk" */ = {
			isa = XCConfigurationList;
			buildConfigurations = (
				A5CC73CC7BF166DF1C564C5C /* Debug */,
				700094A3EFFD9914603A6FAA /* Release */,
			);
			defaultConfigurationIsVisible = 0;
			defaultConfigurationName = Debug;
		};
/* End XCConfigurationList section */

/* Begin XCRemoteSwiftPackageReference section */
		59339B082C3F9051EBBF5D56 /* XCRemoteSwiftPackageReference "WhisperKit" */ = {
			isa = XCRemoteSwiftPackageReference;
			repositoryURL = "https://github.com/argmaxinc/WhisperKit.git";
			requirement = {
				kind = exactVersion;
				version = 0.17.0;
			};
		};
/* End XCRemoteSwiftPackageReference section */

/* Begin XCSwiftPackageProductDependency section */
		B3F814E45085350FE33089BE /* WhisperKit */ = {
			isa = XCSwiftPackageProductDependency;
			package = 59339B082C3F9051EBBF5D56 /* XCRemoteSwiftPackageReference "WhisperKit" */;
			productName = WhisperKit;
		};
/* End XCSwiftPackageProductDependency section */
	};
	rootObject = FD67F2F3C2388D1245717279 /* Project object */;
}
