// !$*UTF8*$!
{
	archiveVersion = 1;
	classes = {
	};
	objectVersion = 77;
	objects = {

/* Begin PBXBuildFile section */
		042A7631D535248392E41035 /* WhisperTypeApp.swift in Sources */ = {isa = PBXBuildFile; fileRef = 54F7C07B70D94F179369D676 /* WhisperTypeApp.swift */; };
		13004AE7828257410588560C /* README.md in Resources */ = {isa = PBXBuildFile; fileRef = 627D50C4408934E916ECD757 /* README.md */; };
		362BC7599CE500274BAED89E /* WhisperTypeLogo.swift in Sources */ = {isa = PBXBuildFile; fileRef = 0FDEE0D755B3896283357D60 /* WhisperTypeLogo.swift */; };
		4B331B8E7C7C0380610B6CED /* Preview Assets.xcassets in Resources */ = {isa = PBXBuildFile; fileRef = 3A1BD5BFA2E71371ADF5FC1E /* Preview Assets.xcassets */; };
		58CCB7A6A33DE0BCB1860AA0 /* whisper.xcframework in Frameworks */ = {isa = PBXBuildFile; fileRef = 1B21B47653C89234BCC4E26E /* whisper.xcframework */; };
		5FD23CD5CBF5AF284DD96212 /* AudioRecorder.swift in Sources */ = {isa = PBXBuildFile; fileRef = 87307019B9378B431D9682CC /* AudioRecorder.swift */; };
		737C2C79F7DEB8176B39BBEC /* AudioDeviceManager.swift in Sources */ = {isa = PBXBuildFile; fileRef = C0B1A96EC3EFA986E5861D9A /* AudioDeviceManager.swift */; };
		76F0CA0393672B8A9A1A57AA /* WhisperBridge.swift in Sources */ = {isa = PBXBuildFile; fileRef = 28A849215EE9ECFF4209A60C /* WhisperBridge.swift */; };
		7A6757014FCC5CD7FB6BF360 /* PermissionsManager.swift in Sources */ = {isa = PBXBuildFile; fileRef = 5ED227FE8810917CB82E0BC8 /* PermissionsManager.swift */; };
		7E1E4FFBFC2BC75C7B60D9D9 /* WhisperAppState.swift in Sources */ = {isa = PBXBuildFile; fileRef = 2B6F77A39509295E838D8B2A /* WhisperAppState.swift */; };
		A4324DE74E3BEE8A4BB4E3AE /* whisper.xcframework in Embed Frameworks */ = {isa = PBXBuildFile; fileRef = 1B21B47653C89234BCC4E26E /* whisper.xcframework */; settings = {ATTRIBUTES = (CodeSignOnCopy, RemoveHeadersOnCopy, ); }; };
		B8A223A789091CE35E2893EF /* MenuBarView.swift in Sources */ = {isa = PBXBuildFile; fileRef = 56182B6676404DB924EF5E6A /* MenuBarView.swift */; };
		C97E467EDF1B047553AC3B58 /* AudioSettingsStore.swift in Sources */ = {isa = PBXBuildFile; fileRef = 2823581381B814B00ABA59BE /* AudioSettingsStore.swift */; };
		E128646F1E05619EC1B6AF55 /* Assets.xcassets in Resources */ = {isa = PBXBuildFile; fileRef = AD2B66595295348C3C476C7D /* Assets.xcassets */; };
		EE235E77EBC227723E7DC31E /* HotkeyManager.swift in Sources */ = {isa = PBXBuildFile; fileRef = 10D4D7F9DD540C1309744D2A /* HotkeyManager.swift */; };
		F0A7A90C9CA05EA1501532DB /* TextInsertionService.swift in Sources */ = {isa = PBXBuildFile; fileRef = F84636161484D92AA1CF15E5 /* TextInsertionService.swift */; };
		FEED7B98C00CF1BB05DC9796 /* HotKey in Frameworks */ = {isa = PBXBuildFile; productRef = 3DA1B5F7A12DC45F1ED1AB01 /* HotKey */; };
/* End PBXBuildFile section */

/* Begin PBXCopyFilesBuildPhase section */
		87EB67D14B197B1254B24234 /* Embed Frameworks */ = {
			isa = PBXCopyFilesBuildPhase;
			buildActionMask = 2147483647;
			dstPath = "";
			dstSubfolderSpec = 10;
			files = (
				A4324DE74E3BEE8A4BB4E3AE /* whisper.xcframework in Embed Frameworks */,
			);
			name = "Embed Frameworks";
			runOnlyForDeploymentPostprocessing = 0;
		};
/* End PBXCopyFilesBuildPhase section */

/* Begin PBXFileReference section */
		0FDEE0D755B3896283357D60 /* WhisperTypeLogo.swift */ = {isa = PBXFileReference; lastKnownFileType = sourcecode.swift; path = WhisperTypeLogo.swift; sourceTree = "<group>"; };
		10D4D7F9DD540C1309744D2A /* HotkeyManager.swift */ = {isa = PBXFileReference; lastKnownFileType = sourcecode.swift; path = HotkeyManager.swift; sourceTree = "<group>"; };
		1B21B47653C89234BCC4E26E /* whisper.xcframework */ = {isa = PBXFileReference; lastKnownFileType = wrapper.xcframework; name = whisper.xcframework; path = Vendor/whisper.xcframework; sourceTree = "<group>"; };
		2823581381B814B00ABA59BE /* AudioSettingsStore.swift */ = {isa = PBXFileReference; lastKnownFileType = sourcecode.swift; path = AudioSettingsStore.swift; sourceTree = "<group>"; };
		28A849215EE9ECFF4209A60C /* WhisperBridge.swift */ = {isa = PBXFileReference; lastKnownFileType = sourcecode.swift; path = WhisperBridge.swift; sourceTree = "<group>"; };
		2B6F77A39509295E838D8B2A /* WhisperAppState.swift */ = {isa = PBXFileReference; lastKnownFileType = sourcecode.swift; path = WhisperAppState.swift; sourceTree = "<group>"; };
		3A1BD5BFA2E71371ADF5FC1E /* Preview Assets.xcassets */ = {isa = PBXFileReference; lastKnownFileType = folder.assetcatalog; path = "Preview Assets.xcassets"; sourceTree = "<group>"; };
		54F7C07B70D94F179369D676 /* WhisperTypeApp.swift */ = {isa = PBXFileReference; lastKnownFileType = sourcecode.swift; path = WhisperTypeApp.swift; sourceTree = "<group>"; };
		56182B6676404DB924EF5E6A /* MenuBarView.swift */ = {isa = PBXFileReference; lastKnownFileType = sourcecode.swift; path = MenuBarView.swift; sourceTree = "<group>"; };
		5ED227FE8810917CB82E0BC8 /* PermissionsManager.swift */ = {isa = PBXFileReference; lastKnownFileType = sourcecode.swift; path = PermissionsManager.swift; sourceTree = "<group>"; };
		627D50C4408934E916ECD757 /* README.md */ = {isa = PBXFileReference; lastKnownFileType = net.daringfireball.markdown; path = README.md; sourceTree = "<group>"; };
		87307019B9378B431D9682CC /* AudioRecorder.swift */ = {isa = PBXFileReference; lastKnownFileType = sourcecode.swift; path = AudioRecorder.swift; sourceTree = "<group>"; };
		AD2B66595295348C3C476C7D /* Assets.xcassets */ = {isa = PBXFileReference; lastKnownFileType = folder.assetcatalog; path = Assets.xcassets; sourceTree = "<group>"; };
		AF4D1E551C094EC7D54CD9BC /* Info.plist */ = {isa = PBXFileReference; lastKnownFileType = text.plist; path = Info.plist; sourceTree = "<group>"; };
		C0B1A96EC3EFA986E5861D9A /* AudioDeviceManager.swift */ = {isa = PBXFileReference; lastKnownFileType = sourcecode.swift; path = AudioDeviceManager.swift; sourceTree = "<group>"; };
		F84636161484D92AA1CF15E5 /* TextInsertionService.swift */ = {isa = PBXFileReference; lastKnownFileType = sourcecode.swift; path = TextInsertionService.swift; sourceTree = "<group>"; };
		F86F2DAFE1CAFAB8F0815886 /* WhisperType.app */ = {isa = PBXFileReference; explicitFileType = wrapper.application; includeInIndex = 0; path = WhisperType.app; sourceTree = BUILT_PRODUCTS_DIR; };
/* End PBXFileReference section */

/* Begin PBXFrameworksBuildPhase section */
		C2AFE3C8C85E55685BF66513 /* Frameworks */ = {
			isa = PBXFrameworksBuildPhase;
			buildActionMask = 2147483647;
			files = (
				FEED7B98C00CF1BB05DC9796 /* HotKey in Frameworks */,
				58CCB7A6A33DE0BCB1860AA0 /* whisper.xcframework in Frameworks */,
			);
			runOnlyForDeploymentPostprocessing = 0;
		};
/* End PBXFrameworksBuildPhase section */

/* Begin PBXGroup section */
		0E19233E5C2592E807A893C1 /* Resources */ = {
			isa = PBXGroup;
			children = (
				AD2B66595295348C3C476C7D /* Assets.xcassets */,
			);
			name = Resources;
			path = WhisperType/Resources;
			sourceTree = "<group>";
		};
		0F77615098E71446CAF0B774 /* MenuBar */ = {
			isa = PBXGroup;
			children = (
				56182B6676404DB924EF5E6A /* MenuBarView.swift */,
				0FDEE0D755B3896283357D60 /* WhisperTypeLogo.swift */,
			);
			path = MenuBar;
			sourceTree = "<group>";
		};
		0FE85FE466347DFF19618C73 /* App */ = {
			isa = PBXGroup;
			children = (
				2B6F77A39509295E838D8B2A /* WhisperAppState.swift */,
				54F7C07B70D94F179369D676 /* WhisperTypeApp.swift */,
			);
			path = App;
			sourceTree = "<group>";
		};
		1E6113A3E83A99A908699629 /* Support */ = {
			isa = PBXGroup;
			children = (
				AF4D1E551C094EC7D54CD9BC /* Info.plist */,
			);
			path = Support;
			sourceTree = "<group>";
		};
		1FEB230A11086E249372B0BE /* Products */ = {
			isa = PBXGroup;
			children = (
				F86F2DAFE1CAFAB8F0815886 /* WhisperType.app */,
			);
			name = Products;
			sourceTree = "<group>";
		};
		397AA45ECBB6E4E599B7E857 /* Preview Content */ = {
			isa = PBXGroup;
			children = (
				3A1BD5BFA2E71371ADF5FC1E /* Preview Assets.xcassets */,
			);
			name = "Preview Content";
			path = "WhisperType/Resources/Preview Content";
			sourceTree = "<group>";
		};
		39C52419648A385D19CBCD4E /* WhisperType */ = {
			isa = PBXGroup;
			children = (
				0FE85FE466347DFF19618C73 /* App */,
				4A2576579B5CFA3CBBB40984 /* Audio */,
				5836DB5B2EC3D7818A799404 /* Insertion */,
				0F77615098E71446CAF0B774 /* MenuBar */,
				1E6113A3E83A99A908699629 /* Support */,
				D74201E2DBCF65338675F12D /* System */,
				8232E3D10CD58D01322B7B38 /* Transcription */,
			);
			path = WhisperType;
			sourceTree = "<group>";
		};
		3EEC3C36F80221C0A09EFEA8 = {
			isa = PBXGroup;
			children = (
				CF28117E335E5932577A707A /* Models */,
				397AA45ECBB6E4E599B7E857 /* Preview Content */,
				0E19233E5C2592E807A893C1 /* Resources */,
				39C52419648A385D19CBCD4E /* WhisperType */,
				9949B3A9265DE7FE6C1B02D1 /* Frameworks */,
				1FEB230A11086E249372B0BE /* Products */,
			);
			sourceTree = "<group>";
		};
		4A2576579B5CFA3CBBB40984 /* Audio */ = {
			isa = PBXGroup;
			children = (
				C0B1A96EC3EFA986E5861D9A /* AudioDeviceManager.swift */,
				87307019B9378B431D9682CC /* AudioRecorder.swift */,
				2823581381B814B00ABA59BE /* AudioSettingsStore.swift */,
			);
			path = Audio;
			sourceTree = "<group>";
		};
		5836DB5B2EC3D7818A799404 /* Insertion */ = {
			isa = PBXGroup;
			children = (
				F84636161484D92AA1CF15E5 /* TextInsertionService.swift */,
			);
			path = Insertion;
			sourceTree = "<group>";
		};
		8232E3D10CD58D01322B7B38 /* Transcription */ = {
			isa = PBXGroup;
			children = (
				28A849215EE9ECFF4209A60C /* WhisperBridge.swift */,
			);
			path = Transcription;
			sourceTree = "<group>";
		};
		9949B3A9265DE7FE6C1B02D1 /* Frameworks */ = {
			isa = PBXGroup;
			children = (
				1B21B47653C89234BCC4E26E /* whisper.xcframework */,
			);
			name = Frameworks;
			sourceTree = "<group>";
		};
		CF28117E335E5932577A707A /* Models */ = {
			isa = PBXGroup;
			children = (
				627D50C4408934E916ECD757 /* README.md */,
			);
			name = Models;
			path = WhisperType/Resources/Models;
			sourceTree = "<group>";
		};
		D74201E2DBCF65338675F12D /* System */ = {
			isa = PBXGroup;
			children = (
				10D4D7F9DD540C1309744D2A /* HotkeyManager.swift */,
				5ED227FE8810917CB82E0BC8 /* PermissionsManager.swift */,
			);
			path = System;
			sourceTree = "<group>";
		};
/* End PBXGroup section */

/* Begin PBXNativeTarget section */
		318CAF16452229088470B5EF /* WhisperType */ = {
			isa = PBXNativeTarget;
			buildConfigurationList = 52EFAA9DE385A4B63DFF8896 /* Build configuration list for PBXNativeTarget "WhisperType" */;
			buildPhases = (
				26B8A3DAE7D93F22E1E0F1A4 /* Sources */,
				86B0FF6E87A0548D24999C08 /* Resources */,
				C2AFE3C8C85E55685BF66513 /* Frameworks */,
				87EB67D14B197B1254B24234 /* Embed Frameworks */,
			);
			buildRules = (
			);
			dependencies = (
			);
			name = WhisperType;
			packageProductDependencies = (
				3DA1B5F7A12DC45F1ED1AB01 /* HotKey */,
			);
			productName = WhisperType;
			productReference = F86F2DAFE1CAFAB8F0815886 /* WhisperType.app */;
			productType = "com.apple.product-type.application";
		};
/* End PBXNativeTarget section */

/* Begin PBXProject section */
		C41D27730EA5B57DF9ED4637 /* Project object */ = {
			isa = PBXProject;
			attributes = {
				BuildIndependentTargetsInParallel = YES;
				LastUpgradeCheck = 1430;
				TargetAttributes = {
					318CAF16452229088470B5EF = {
						ProvisioningStyle = Automatic;
					};
				};
			};
			buildConfigurationList = C0EED63F33BFB270E16B8A64 /* Build configuration list for PBXProject "WhisperType" */;
			developmentRegion = en;
			hasScannedForEncodings = 0;
			knownRegions = (
				Base,
				en,
			);
			mainGroup = 3EEC3C36F80221C0A09EFEA8;
			minimizedProjectReferenceProxies = 1;
			packageReferences = (
				893379728BB5DB03CF9D8A03 /* XCRemoteSwiftPackageReference "HotKey" */,
			);
			preferredProjectObjectVersion = 77;
			productRefGroup = 1FEB230A11086E249372B0BE /* Products */;
			projectDirPath = "";
			projectRoot = "";
			targets = (
				318CAF16452229088470B5EF /* WhisperType */,
			);
		};
/* End PBXProject section */

/* Begin PBXResourcesBuildPhase section */
		86B0FF6E87A0548D24999C08 /* Resources */ = {
			isa = PBXResourcesBuildPhase;
			buildActionMask = 2147483647;
			files = (
				E128646F1E05619EC1B6AF55 /* Assets.xcassets in Resources */,
				4B331B8E7C7C0380610B6CED /* Preview Assets.xcassets in Resources */,
				13004AE7828257410588560C /* README.md in Resources */,
			);
			runOnlyForDeploymentPostprocessing = 0;
		};
/* End PBXResourcesBuildPhase section */

/* Begin PBXSourcesBuildPhase section */
		26B8A3DAE7D93F22E1E0F1A4 /* Sources */ = {
			isa = PBXSourcesBuildPhase;
			buildActionMask = 2147483647;
			files = (
				737C2C79F7DEB8176B39BBEC /* AudioDeviceManager.swift in Sources */,
				5FD23CD5CBF5AF284DD96212 /* AudioRecorder.swift in Sources */,
				C97E467EDF1B047553AC3B58 /* AudioSettingsStore.swift in Sources */,
				EE235E77EBC227723E7DC31E /* HotkeyManager.swift in Sources */,
				B8A223A789091CE35E2893EF /* MenuBarView.swift in Sources */,
				7A6757014FCC5CD7FB6BF360 /* PermissionsManager.swift in Sources */,
				F0A7A90C9CA05EA1501532DB /* TextInsertionService.swift in Sources */,
				7E1E4FFBFC2BC75C7B60D9D9 /* WhisperAppState.swift in Sources */,
				76F0CA0393672B8A9A1A57AA /* WhisperBridge.swift in Sources */,
				042A7631D535248392E41035 /* WhisperTypeApp.swift in Sources */,
				362BC7599CE500274BAED89E /* WhisperTypeLogo.swift in Sources */,
			);
			runOnlyForDeploymentPostprocessing = 0;
		};
/* End PBXSourcesBuildPhase section */

/* Begin XCBuildConfiguration section */
		30E1F828CF59BF58CE672729 /* Debug */ = {
			isa = XCBuildConfiguration;
			buildSettings = {
				ASSETCATALOG_COMPILER_APPICON_NAME = AppIcon;
				CODE_SIGN_STYLE = Automatic;
				COMBINE_HIDPI_IMAGES = YES;
				ENABLE_APP_SANDBOX = NO;
				FRAMEWORK_SEARCH_PATHS = (
					"$(inherited)",
					"\"Vendor\"",
				);
				GENERATE_INFOPLIST_FILE = NO;
				INFOPLIST_FILE = WhisperType/Support/Info.plist;
				INFOPLIST_KEY_NSHumanReadableCopyright = "";
				LD_RUNPATH_SEARCH_PATHS = (
					"$(inherited)",
					"@executable_path/../Frameworks",
				);
				MACOSX_DEPLOYMENT_TARGET = 13.3;
				PRODUCT_BUNDLE_IDENTIFIER = com.acfinc.WhisperType;
				PRODUCT_NAME = WhisperType;
				SDKROOT = macosx;
			};
			name = Debug;
		};
		5116EE993BCD79AED4AE839A /* Release */ = {
			isa = XCBuildConfiguration;
			buildSettings = {
				ASSETCATALOG_COMPILER_APPICON_NAME = AppIcon;
				CODE_SIGN_STYLE = Automatic;
				COMBINE_HIDPI_IMAGES = YES;
				ENABLE_APP_SANDBOX = NO;
				FRAMEWORK_SEARCH_PATHS = (
					"$(inherited)",
					"\"Vendor\"",
				);
				GENERATE_INFOPLIST_FILE = NO;
				INFOPLIST_FILE = WhisperType/Support/Info.plist;
				INFOPLIST_KEY_NSHumanReadableCopyright = "";
				LD_RUNPATH_SEARCH_PATHS = (
					"$(inherited)",
					"@executable_path/../Frameworks",
				);
				MACOSX_DEPLOYMENT_TARGET = 13.3;
				PRODUCT_BUNDLE_IDENTIFIER = com.acfinc.WhisperType;
				PRODUCT_NAME = WhisperType;
				SDKROOT = macosx;
			};
			name = Release;
		};
		AB9C5094AB5476B73E286B82 /* Debug */ = {
			isa = XCBuildConfiguration;
			buildSettings = {
				ALWAYS_SEARCH_USER_PATHS = NO;
				CLANG_ANALYZER_NONNULL = YES;
				CLANG_ANALYZER_NUMBER_OBJECT_CONVERSION = YES_AGGRESSIVE;
				CLANG_CXX_LANGUAGE_STANDARD = "gnu++14";
				CLANG_CXX_LIBRARY = "libc++";
				CLANG_ENABLE_MODULES = YES;
				CLANG_ENABLE_OBJC_ARC = YES;
				CLANG_ENABLE_OBJC_WEAK = YES;
				CLANG_WARN_BLOCK_CAPTURE_AUTORELEASING = YES;
				CLANG_WARN_BOOL_CONVERSION = YES;
				CLANG_WARN_COMMA = YES;
				CLANG_WARN_CONSTANT_CONVERSION = YES;
				CLANG_WARN_DEPRECATED_OBJC_IMPLEMENTATIONS = YES;
				CLANG_WARN_DIRECT_OBJC_ISA_USAGE = YES_ERROR;
				CLANG_WARN_DOCUMENTATION_COMMENTS = YES;
				CLANG_WARN_EMPTY_BODY = YES;
				CLANG_WARN_ENUM_CONVERSION = YES;
				CLANG_WARN_INFINITE_RECURSION = YES;
				CLANG_WARN_INT_CONVERSION = YES;
				CLANG_WARN_NON_LITERAL_NULL_CONVERSION = YES;
				CLANG_WARN_OBJC_IMPLICIT_RETAIN_SELF = YES;
				CLANG_WARN_OBJC_LITERAL_CONVERSION = YES;
				CLANG_WARN_OBJC_ROOT_CLASS = YES_ERROR;
				CLANG_WARN_QUOTED_INCLUDE_IN_FRAMEWORK_HEADER = YES;
				CLANG_WARN_RANGE_LOOP_ANALYSIS = YES;
				CLANG_WARN_STRICT_PROTOTYPES = YES;
				CLANG_WARN_SUSPICIOUS_MOVE = YES;
				CLANG_WARN_UNGUARDED_AVAILABILITY = YES_AGGRESSIVE;
				CLANG_WARN_UNREACHABLE_CODE = YES;
				CLANG_WARN__DUPLICATE_METHOD_MATCH = YES;
				COPY_PHASE_STRIP = NO;
				DEBUG_INFORMATION_FORMAT = dwarf;
				ENABLE_STRICT_OBJC_MSGSEND = YES;
				ENABLE_TESTABILITY = YES;
				GCC_C_LANGUAGE_STANDARD = gnu11;
				GCC_DYNAMIC_NO_PIC = NO;
				GCC_NO_COMMON_BLOCKS = YES;
				GCC_OPTIMIZATION_LEVEL = 0;
				GCC_PREPROCESSOR_DEFINITIONS = (
					"$(inherited)",
					"DEBUG=1",
				);
				GCC_WARN_64_TO_32_BIT_CONVERSION = YES;
				GCC_WARN_ABOUT_RETURN_TYPE = YES_ERROR;
				GCC_WARN_UNDECLARED_SELECTOR = YES;
				GCC_WARN_UNINITIALIZED_AUTOS = YES_AGGRESSIVE;
				GCC_WARN_UNUSED_FUNCTION = YES;
				GCC_WARN_UNUSED_VARIABLE = YES;
				MTL_ENABLE_DEBUG_INFO = INCLUDE_SOURCE;
				MTL_FAST_MATH = YES;
				ONLY_ACTIVE_ARCH = YES;
				PRODUCT_NAME = "$(TARGET_NAME)";
				SDKROOT = macosx;
				SWIFT_ACTIVE_COMPILATION_CONDITIONS = DEBUG;
				SWIFT_OPTIMIZATION_LEVEL = "-Onone";
				SWIFT_VERSION = 5.1;
			};
			name = Debug;
		};
		AC129A7A530131EFDDBE4374 /* Release */ = {
			isa = XCBuildConfiguration;
			buildSettings = {
				ALWAYS_SEARCH_USER_PATHS = NO;
				CLANG_ANALYZER_NONNULL = YES;
				CLANG_ANALYZER_NUMBER_OBJECT_CONVERSION = YES_AGGRESSIVE;
				CLANG_CXX_LANGUAGE_STANDARD = "gnu++14";
				CLANG_CXX_LIBRARY = "libc++";
				CLANG_ENABLE_MODULES = YES;
				CLANG_ENABLE_OBJC_ARC = YES;
				CLANG_ENABLE_OBJC_WEAK = YES;
				CLANG_WARN_BLOCK_CAPTURE_AUTORELEASING = YES;
				CLANG_WARN_BOOL_CONVERSION = YES;
				CLANG_WARN_COMMA = YES;
				CLANG_WARN_CONSTANT_CONVERSION = YES;
				CLANG_WARN_DEPRECATED_OBJC_IMPLEMENTATIONS = YES;
				CLANG_WARN_DIRECT_OBJC_ISA_USAGE = YES_ERROR;
				CLANG_WARN_DOCUMENTATION_COMMENTS = YES;
				CLANG_WARN_EMPTY_BODY = YES;
				CLANG_WARN_ENUM_CONVERSION = YES;
				CLANG_WARN_INFINITE_RECURSION = YES;
				CLANG_WARN_INT_CONVERSION = YES;
				CLANG_WARN_NON_LITERAL_NULL_CONVERSION = YES;
				CLANG_WARN_OBJC_IMPLICIT_RETAIN_SELF = YES;
				CLANG_WARN_OBJC_LITERAL_CONVERSION = YES;
				CLANG_WARN_OBJC_ROOT_CLASS = YES_ERROR;
				CLANG_WARN_QUOTED_INCLUDE_IN_FRAMEWORK_HEADER = YES;
				CLANG_WARN_RANGE_LOOP_ANALYSIS = YES;
				CLANG_WARN_STRICT_PROTOTYPES = YES;
				CLANG_WARN_SUSPICIOUS_MOVE = YES;
				CLANG_WARN_UNGUARDED_AVAILABILITY = YES_AGGRESSIVE;
				CLANG_WARN_UNREACHABLE_CODE = YES;
				CLANG_WARN__DUPLICATE_METHOD_MATCH = YES;
				COPY_PHASE_STRIP = NO;
				DEBUG_INFORMATION_FORMAT = "dwarf-with-dsym";
				ENABLE_NS_ASSERTIONS = NO;
				ENABLE_STRICT_OBJC_MSGSEND = YES;
				GCC_C_LANGUAGE_STANDARD = gnu11;
				GCC_NO_COMMON_BLOCKS = YES;
				GCC_WARN_64_TO_32_BIT_CONVERSION = YES;
				GCC_WARN_ABOUT_RETURN_TYPE = YES_ERROR;
				GCC_WARN_UNDECLARED_SELECTOR = YES;
				GCC_WARN_UNINITIALIZED_AUTOS = YES_AGGRESSIVE;
				GCC_WARN_UNUSED_FUNCTION = YES;
				GCC_WARN_UNUSED_VARIABLE = YES;
				MTL_ENABLE_DEBUG_INFO = NO;
				MTL_FAST_MATH = YES;
				PRODUCT_NAME = "$(TARGET_NAME)";
				SDKROOT = macosx;
				SWIFT_COMPILATION_MODE = wholemodule;
				SWIFT_OPTIMIZATION_LEVEL = "-O";
				SWIFT_VERSION = 5.1;
			};
			name = Release;
		};
/* End XCBuildConfiguration section */

/* Begin XCConfigurationList section */
		52EFAA9DE385A4B63DFF8896 /* Build configuration list for PBXNativeTarget "WhisperType" */ = {
			isa = XCConfigurationList;
			buildConfigurations = (
				30E1F828CF59BF58CE672729 /* Debug */,
				5116EE993BCD79AED4AE839A /* Release */,
			);
			defaultConfigurationIsVisible = 0;
			defaultConfigurationName = Debug;
		};
		C0EED63F33BFB270E16B8A64 /* Build configuration list for PBXProject "WhisperType" */ = {
			isa = XCConfigurationList;
			buildConfigurations = (
				AB9C5094AB5476B73E286B82 /* Debug */,
				AC129A7A530131EFDDBE4374 /* Release */,
			);
			defaultConfigurationIsVisible = 0;
			defaultConfigurationName = Debug;
		};
/* End XCConfigurationList section */

/* Begin XCRemoteSwiftPackageReference section */
		893379728BB5DB03CF9D8A03 /* XCRemoteSwiftPackageReference "HotKey" */ = {
			isa = XCRemoteSwiftPackageReference;
			repositoryURL = "https://github.com/soffes/HotKey";
			requirement = {
				kind = upToNextMajorVersion;
				minimumVersion = 0.2.1;
			};
		};
/* End XCRemoteSwiftPackageReference section */

/* Begin XCSwiftPackageProductDependency section */
		3DA1B5F7A12DC45F1ED1AB01 /* HotKey */ = {
			isa = XCSwiftPackageProductDependency;
			package = 893379728BB5DB03CF9D8A03 /* XCRemoteSwiftPackageReference "HotKey" */;
			productName = HotKey;
		};
/* End XCSwiftPackageProductDependency section */
	};
	rootObject = C41D27730EA5B57DF9ED4637 /* Project object */;
}
